
Microsoft Visual Studio Solution File, Format Version 12.00
# Visual Studio Version 17
VisualStudioVersion = 17.7.34202.233
MinimumVisualStudioVersion = 10.0.40219.1
Project("{FAE04EC0-301F-11D3-BF4B-00C04F79EFBC}") = "Karnel Travels", "Karnel Travels.csproj", "{93A42C43-2606-4F84-BCC8-11D60C92FB63}"
EndProject
Global
	GlobalSection(SolutionConfigurationPlatforms) = preSolution
		Debug|Any CPU = Debug|Any CPU
		Release|Any CPU = Release|Any CPU
	EndGlobalSection
	GlobalSection(ProjectConfigurationPlatforms) = postSolution
		{93A42C43-2606-4F84-BCC8-11D60C92FB63}.Debug|Any CPU.ActiveCfg = Debug|Any CPU
		{93A42C43-2606-4F84-BCC8-11D60C92FB63}.Debug|Any CPU.Build.0 = Debug|Any CPU
		{93A42C43-2606-4F84-BCC8-11D60C92FB63}.Release|Any CPU.ActiveCfg = Release|Any CPU
		{93A42C43-2606-4F84-BCC8-11D60C92FB63}.Release|Any CPU.Build.0 = Release|Any CPU
	EndGlobalSection
	GlobalSection(SolutionProperties) = preSolution
		HideSolutionNode = FALSE
	EndGlobalSection
	GlobalSection(ExtensibilityGlobals) = postSolution
		SolutionGuid = {63D02B06-12D2-40B6-8CFF-AEF3498822E6}
	EndGlobalSection
EndGlobal
